
Microsoft Visual Studio Solution File, Format Version 12.00
# Visual Studio Version 17
VisualStudioVersion = 17.5.33516.290
MinimumVisualStudioVersion = 10.0.40219.1
Project("{2150E333-8FDC-42A3-9474-1A3956D46DE8}") = "src", "src", "{FBE1A061-BDB7-4B2C-B49D-A771DF83BB53}"
EndProject
Project("{2150E333-8FDC-42A3-9474-1A3956D46DE8}") = "test", "test", "{2FA7BA60-DE80-4AA4-A84A-E2CB2D0B1398}"
EndProject
Project("{9A19103F-16F7-4668-BE54-9A1E7A4F7556}") = "Pet_Health_Registry.Domain", "src\Pet_Health_Registry.Domain\Pet_Health_Registry.Domain.csproj", "{3300A935-6ED1-41CF-B6A8-B1C4DE563BA1}"
EndProject
Project("{9A19103F-16F7-4668-BE54-9A1E7A4F7556}") = "Pet_Health_Registry.Infrastructure", "src\Pet_Health_Registry.Infrastructure\Pet_Health_Registry.Infrastructure.csproj", "{CBAA647C-C614-4D9A-A56E-A4CD0A3AD127}"
EndProject
Project("{9A19103F-16F7-4668-BE54-9A1E7A4F7556}") = "Pet_Health_Registry.Application", "src\Pet_Health_Registry.Application\Pet_Health_Registry.Application.csproj", "{FFD6CBB8-7DFD-4047-A0E2-CA33782677A2}"
EndProject
Project("{E24C65DC-7377-472B-9ABA-BC803B73C61A}") = "Pet_Health_Registry.presentation", "src\Pet_Health_Registry.presentation\", "{0AE2B168-B161-4218-98E9-76B8F58A519A}"
	ProjectSection(WebsiteProperties) = preProject
		TargetFrameworkMoniker = ".NETFramework,Version%3Dv4.8"
		Debug.AspNetCompiler.VirtualPath = "/localhost_55233"
		Debug.AspNetCompiler.PhysicalPath = "Pet_Health_Registry.presentation\"
		Debug.AspNetCompiler.TargetPath = "PrecompiledWeb\localhost_55233\"
		Debug.AspNetCompiler.Updateable = "true"
		Debug.AspNetCompiler.ForceOverwrite = "true"
		Debug.AspNetCompiler.FixedNames = "false"
		Debug.AspNetCompiler.Debug = "True"
		Release.AspNetCompiler.VirtualPath = "/localhost_55233"
		Release.AspNetCompiler.PhysicalPath = "Pet_Health_Registry.presentation\"
		Release.AspNetCompiler.TargetPath = "PrecompiledWeb\localhost_55233\"
		Release.AspNetCompiler.Updateable = "true"
		Release.AspNetCompiler.ForceOverwrite = "true"
		Release.AspNetCompiler.FixedNames = "false"
		Release.AspNetCompiler.Debug = "False"
		VWDPort = "55233"
		SlnRelativePath = "Pet_Health_Registry.presentation\"
	EndProjectSection
EndProject
Project("{2150E333-8FDC-42A3-9474-1A3956D46DE8}") = "Solution items", "Solution items", "{A76E11BC-17B0-4CC3-B83D-0FA891246489}"
	ProjectSection(SolutionItems) = preProject
		.gitignore = .gitignore
		Directory.packages.props = Directory.packages.props
	EndProjectSection
EndProject
Project("{9A19103F-16F7-4668-BE54-9A1E7A4F7556}") = "Pet_Health_Registry.Domain.Tests", "test\Pet_Health_Registry.Domain.Tests\Pet_Health_Registry.Domain.Tests.csproj", "{31C6A7D5-5AEA-451B-92A1-D736520A8D27}"
EndProject
Project("{9A19103F-16F7-4668-BE54-9A1E7A4F7556}") = "Pet_Health_Registry.Application.Tests", "test\Pet_Health_Registry.Application.Tests\Pet_Health_Registry.Application.Tests.csproj", "{1E3BF77D-F663-4BCF-BFE8-5CF6E8C43BEE}"
EndProject
Project("{9A19103F-16F7-4668-BE54-9A1E7A4F7556}") = "Pet_Health_Registry.Infrastructure.Tests", "test\Pet_Health_Registry.Infrastructure.Tests\Pet_Health_Registry.Infrastructure.Tests.csproj", "{B16B7A06-F169-482E-AB63-FC55E2AA59B5}"
EndProject
Project("{00D1A9C2-B5F0-4AF3-8072-F6C62B433612}") = "Pet_Health_Registry.DB", "src\Pet_Health_Registry.DB\Pet_Health_Registry.DB.sqlproj", "{D63AFE49-F2F7-400E-AC94-865FEE406F99}"
EndProject
Global
	GlobalSection(SolutionConfigurationPlatforms) = preSolution
		Debug|Any CPU = Debug|Any CPU
		Release|Any CPU = Release|Any CPU
	EndGlobalSection
	GlobalSection(ProjectConfigurationPlatforms) = postSolution
		{3300A935-6ED1-41CF-B6A8-B1C4DE563BA1}.Debug|Any CPU.ActiveCfg = Debug|Any CPU
		{3300A935-6ED1-41CF-B6A8-B1C4DE563BA1}.Debug|Any CPU.Build.0 = Debug|Any CPU
		{3300A935-6ED1-41CF-B6A8-B1C4DE563BA1}.Release|Any CPU.ActiveCfg = Release|Any CPU
		{3300A935-6ED1-41CF-B6A8-B1C4DE563BA1}.Release|Any CPU.Build.0 = Release|Any CPU
		{CBAA647C-C614-4D9A-A56E-A4CD0A3AD127}.Debug|Any CPU.ActiveCfg = Debug|Any CPU
		{CBAA647C-C614-4D9A-A56E-A4CD0A3AD127}.Debug|Any CPU.Build.0 = Debug|Any CPU
		{CBAA647C-C614-4D9A-A56E-A4CD0A3AD127}.Release|Any CPU.ActiveCfg = Release|Any CPU
		{CBAA647C-C614-4D9A-A56E-A4CD0A3AD127}.Release|Any CPU.Build.0 = Release|Any CPU
		{FFD6CBB8-7DFD-4047-A0E2-CA33782677A2}.Debug|Any CPU.ActiveCfg = Debug|Any CPU
		{FFD6CBB8-7DFD-4047-A0E2-CA33782677A2}.Debug|Any CPU.Build.0 = Debug|Any CPU
		{FFD6CBB8-7DFD-4047-A0E2-CA33782677A2}.Release|Any CPU.ActiveCfg = Release|Any CPU
		{FFD6CBB8-7DFD-4047-A0E2-CA33782677A2}.Release|Any CPU.Build.0 = Release|Any CPU
		{0AE2B168-B161-4218-98E9-76B8F58A519A}.Debug|Any CPU.ActiveCfg = Debug|Any CPU
		{0AE2B168-B161-4218-98E9-76B8F58A519A}.Debug|Any CPU.Build.0 = Debug|Any CPU
		{0AE2B168-B161-4218-98E9-76B8F58A519A}.Release|Any CPU.ActiveCfg = Debug|Any CPU
		{0AE2B168-B161-4218-98E9-76B8F58A519A}.Release|Any CPU.Build.0 = Debug|Any CPU
		{31C6A7D5-5AEA-451B-92A1-D736520A8D27}.Debug|Any CPU.ActiveCfg = Debug|Any CPU
		{31C6A7D5-5AEA-451B-92A1-D736520A8D27}.Debug|Any CPU.Build.0 = Debug|Any CPU
		{31C6A7D5-5AEA-451B-92A1-D736520A8D27}.Release|Any CPU.ActiveCfg = Release|Any CPU
		{31C6A7D5-5AEA-451B-92A1-D736520A8D27}.Release|Any CPU.Build.0 = Release|Any CPU
		{1E3BF77D-F663-4BCF-BFE8-5CF6E8C43BEE}.Debug|Any CPU.ActiveCfg = Debug|Any CPU
		{1E3BF77D-F663-4BCF-BFE8-5CF6E8C43BEE}.Debug|Any CPU.Build.0 = Debug|Any CPU
		{1E3BF77D-F663-4BCF-BFE8-5CF6E8C43BEE}.Release|Any CPU.ActiveCfg = Release|Any CPU
		{1E3BF77D-F663-4BCF-BFE8-5CF6E8C43BEE}.Release|Any CPU.Build.0 = Release|Any CPU
		{B16B7A06-F169-482E-AB63-FC55E2AA59B5}.Debug|Any CPU.ActiveCfg = Debug|Any CPU
		{B16B7A06-F169-482E-AB63-FC55E2AA59B5}.Debug|Any CPU.Build.0 = Debug|Any CPU
		{B16B7A06-F169-482E-AB63-FC55E2AA59B5}.Release|Any CPU.ActiveCfg = Release|Any CPU
		{B16B7A06-F169-482E-AB63-FC55E2AA59B5}.Release|Any CPU.Build.0 = Release|Any CPU
		{D63AFE49-F2F7-400E-AC94-865FEE406F99}.Debug|Any CPU.ActiveCfg = Debug|Any CPU
		{D63AFE49-F2F7-400E-AC94-865FEE406F99}.Debug|Any CPU.Build.0 = Debug|Any CPU
		{D63AFE49-F2F7-400E-AC94-865FEE406F99}.Debug|Any CPU.Deploy.0 = Debug|Any CPU
		{D63AFE49-F2F7-400E-AC94-865FEE406F99}.Release|Any CPU.ActiveCfg = Release|Any CPU
		{D63AFE49-F2F7-400E-AC94-865FEE406F99}.Release|Any CPU.Build.0 = Release|Any CPU
		{D63AFE49-F2F7-400E-AC94-865FEE406F99}.Release|Any CPU.Deploy.0 = Release|Any CPU
	EndGlobalSection
	GlobalSection(SolutionProperties) = preSolution
		HideSolutionNode = FALSE
	EndGlobalSection
	GlobalSection(NestedProjects) = preSolution
		{3300A935-6ED1-41CF-B6A8-B1C4DE563BA1} = {FBE1A061-BDB7-4B2C-B49D-A771DF83BB53}
		{CBAA647C-C614-4D9A-A56E-A4CD0A3AD127} = {FBE1A061-BDB7-4B2C-B49D-A771DF83BB53}
		{FFD6CBB8-7DFD-4047-A0E2-CA33782677A2} = {FBE1A061-BDB7-4B2C-B49D-A771DF83BB53}
		{0AE2B168-B161-4218-98E9-76B8F58A519A} = {FBE1A061-BDB7-4B2C-B49D-A771DF83BB53}
		{31C6A7D5-5AEA-451B-92A1-D736520A8D27} = {2FA7BA60-DE80-4AA4-A84A-E2CB2D0B1398}
		{1E3BF77D-F663-4BCF-BFE8-5CF6E8C43BEE} = {2FA7BA60-DE80-4AA4-A84A-E2CB2D0B1398}
		{B16B7A06-F169-482E-AB63-FC55E2AA59B5} = {2FA7BA60-DE80-4AA4-A84A-E2CB2D0B1398}
		{D63AFE49-F2F7-400E-AC94-865FEE406F99} = {FBE1A061-BDB7-4B2C-B49D-A771DF83BB53}
	EndGlobalSection
	GlobalSection(ExtensibilityGlobals) = postSolution
		SolutionGuid = {02190E67-E0C7-4457-86B7-859272CAE19D}
	EndGlobalSection
EndGlobal
